
Microsoft Visual Studio Solution File, Format Version 12.00
# Visual Studio Version 17
VisualStudioVersion = 17.9.34728.123
MinimumVisualStudioVersion = 10.0.40219.1
Project("{FAE04EC0-301F-11D3-BF4B-00C04F79EFBC}") = "SM09", "SM09\SM09.csproj", "{7E8D3269-F151-469B-BD03-36F19B477E28}"
EndProject
Global
	GlobalSection(SolutionConfigurationPlatforms) = preSolution
		Debug|Any CPU = Debug|Any CPU
		Release|Any CPU = Release|Any CPU
	EndGlobalSection
	GlobalSection(ProjectConfigurationPlatforms) = postSolution
		{7E8D3269-F151-469B-BD03-36F19B477E28}.Debug|Any CPU.ActiveCfg = Debug|Any CPU
		{7E8D3269-F151-469B-BD03-36F19B477E28}.Debug|Any CPU.Build.0 = Debug|Any CPU
		{7E8D3269-F151-469B-BD03-36F19B477E28}.Release|Any CPU.ActiveCfg = Release|Any CPU
		{7E8D3269-F151-469B-BD03-36F19B477E28}.Release|Any CPU.Build.0 = Release|Any CPU
	EndGlobalSection
	GlobalSection(SolutionProperties) = preSolution
		HideSolutionNode = FALSE
	EndGlobalSection
	GlobalSection(ExtensibilityGlobals) = postSolution
		SolutionGuid = {4E1D1CD3-4A88-4736-A1B8-A4D1E281267A}
	EndGlobalSection
EndGlobal
